
Microsoft Visual Studio Solution File, Format Version 12.00
# Visual Studio Version 17
VisualStudioVersion = 17.13.35931.197
MinimumVisualStudioVersion = 10.0.40219.1
Project("{FAE04EC0-301F-11D3-BF4B-00C04F79EFBC}") = "PromptBotBlazor", "PromptBotBlazor.csproj", "{A3B50FD8-4416-4904-ABC8-906405000673}"
EndProject
Global
	GlobalSection(SolutionConfigurationPlatforms) = preSolution
		Debug|Any CPU = Debug|Any CPU
		Release|Any CPU = Release|Any CPU
	EndGlobalSection
	GlobalSection(ProjectConfigurationPlatforms) = postSolution
		{A3B50FD8-4416-4904-ABC8-906405000673}.Debug|Any CPU.ActiveCfg = Debug|Any CPU
		{A3B50FD8-4416-4904-ABC8-906405000673}.Debug|Any CPU.Build.0 = Debug|Any CPU
		{A3B50FD8-4416-4904-ABC8-906405000673}.Release|Any CPU.ActiveCfg = Release|Any CPU
		{A3B50FD8-4416-4904-ABC8-906405000673}.Release|Any CPU.Build.0 = Release|Any CPU
	EndGlobalSection
	GlobalSection(SolutionProperties) = preSolution
		HideSolutionNode = FALSE
	EndGlobalSection
	GlobalSection(ExtensibilityGlobals) = postSolution
		SolutionGuid = {0BB39D97-D05D-4F21-8BD0-19410BA79DA3}
	EndGlobalSection
EndGlobal
